{
  "requires": true,
  "lockfileVersion": 1,
  "dependencies": {
    "framesync": {
      "version": "3.1.5",
      "resolved": "https://registry.npmjs.org/framesync/-/framesync-3.1.5.tgz",
      "integrity": "sha512-vrc+rGd7LfOtWxIrw3HkfmErDR6QXRzllIcSgcx5fbFq/NbtgnicXBgE0wxDDhghlFif3UJjhDvU80TZ1kMoBg=="
    },
    "popmotion": {
      "version": "8.1.6",
      "resolved": "https://registry.npmjs.org/popmotion/-/popmotion-8.1.6.tgz",
      "integrity": "sha512-IQunbRp+NXrIIOWWAlUSyuksehb7csB/j5AhC26OBa9lnJ3ylqD61eVm5HFjuRApgVkIGUi1X/YDXpXJ7MV2Bw==",
      "requires": {
        "framesync": "3.1.5",
        "style-value-types": "1.0.3",
        "stylefire": "1.1.8"
      }
    },
    "style-value-types": {
      "version": "1.0.3",
      "resolved": "https://registry.npmjs.org/style-value-types/-/style-value-types-1.0.3.tgz",
      "integrity": "sha1-ZRw8dcmI6i74biDGoH+YzOYu/d8="
    },
    "stylefire": {
      "version": "1.1.8",
      "resolved": "https://registry.npmjs.org/stylefire/-/stylefire-1.1.8.tgz",
      "integrity": "sha512-fZGquDxAuEljzpvZVTcFHnPMnbLetoZYxnjMo1aFyvox3RDKMVX2Wm3+KSTIT82AjGYBdBC26jUTFEf/2/6vpQ==",
      "requires": {
        "framesync": "3.1.5",
        "style-value-types": "1.0.3"
      }
    }
  }
}
